<?xml version="1.0" encoding="utf-8"?>
<Project ToolsVersion="15.0" xmlns="http://schemas.microsoft.com/developer/msbuild/2003">
  <ItemGroup>
    <Filter Include="Assets">
      <UniqueIdentifier>0458e815-fff9-4bf7-b847-7a9f2c9e6665</UniqueIdentifier>
      <Extensions>bmp;fbx;gif;jpg;jpeg;tga;tiff;tif;png</Extensions>
    </Filter>
    <Filter Include="math">
      <UniqueIdentifier>{c51e7549-fa1a-43a0-8276-d4de9299e0b2}</UniqueIdentifier>
    </Filter>
  </ItemGroup>
  <ItemGroup>
    <ApplicationDefinition Include="App.xaml" />
  </ItemGroup>
  <ItemGroup>
    <ClCompile Include="pch.cpp" />
    <ClCompile Include="graphics.cpp" />
    <ClCompile Include="camera.cpp" />
    <ClCompile Include="frac3d.cpp" />
    <ClCompile Include="fractal.cpp" />
    <ClCompile Include="mandelbrotfractal.cpp" />
    <ClCompile Include="newtonfractal.cpp" />
  </ItemGroup>
  <ItemGroup>
    <ClInclude Include="pch.h" />
    <ClInclude Include="fractal.h" />
    <ClInclude Include="graphics.h" />
    <ClInclude Include="math\linalg.hpp">
      <Filter>math</Filter>
    </ClInclude>
    <ClInclude Include="math\matrix2x2.hpp">
      <Filter>math</Filter>
    </ClInclude>
    <ClInclude Include="math\matrix3x3.hpp">
      <Filter>math</Filter>
    </ClInclude>
    <ClInclude Include="math\matrix4x4.hpp">
      <Filter>math</Filter>
    </ClInclude>
    <ClInclude Include="math\position.hpp">
      <Filter>math</Filter>
    </ClInclude>
    <ClInclude Include="math\vector2.hpp">
      <Filter>math</Filter>
    </ClInclude>
    <ClInclude Include="math\vector3.hpp">
      <Filter>math</Filter>
    </ClInclude>
    <ClInclude Include="math\vector4.hpp">
      <Filter>math</Filter>
    </ClInclude>
    <ClInclude Include="math\formulas.hpp">
      <Filter>math</Filter>
    </ClInclude>
    <ClInclude Include="camera.h" />
    <ClInclude Include="frac3d.h" />
    <ClInclude Include="mandelbrotfractal.h" />
    <ClInclude Include="newtonfractal.h" />
  </ItemGroup>
  <ItemGroup>
    <Image Include="Assets\LockScreenLogo.scale-200.png">
      <Filter>Assets</Filter>
    </Image>
    <Image Include="Assets\SplashScreen.scale-200.png">
      <Filter>Assets</Filter>
    </Image>
    <Image Include="Assets\Square150x150Logo.scale-200.png">
      <Filter>Assets</Filter>
    </Image>
    <Image Include="Assets\Square44x44Logo.scale-200.png">
      <Filter>Assets</Filter>
    </Image>
    <Image Include="Assets\Square44x44Logo.targetsize-24_altform-unplated.png">
      <Filter>Assets</Filter>
    </Image>
    <Image Include="Assets\StoreLogo.png">
      <Filter>Assets</Filter>
    </Image>
    <Image Include="Assets\Wide310x150Logo.scale-200.png">
      <Filter>Assets</Filter>
    </Image>
  </ItemGroup>
  <ItemGroup>
    <AppxManifest Include="Package.appxmanifest" />
  </ItemGroup>
  <ItemGroup>
    <Page Include="MainPage.xaml" />
  </ItemGroup>
</Project>